<Solution>
  <Project Path="Assembly-CSharp.csproj" />
  <Project Path="Google.Play.Games.csproj" />
  <Project Path="AYellowpaper.SerializedCollections.csproj" />
  <Project Path="Google.Play.Games.Editor.csproj" />
  <Project Path="Assembly-CSharp-firstpass.csproj" />
  <Project Path="AYellowpaper.SerializedCollections.Editor.csproj" />
  <Project Path="Assembly-CSharp-Editor.csproj" />
  <Project Path="UnityEngine.InputSystem.Samples.UIvsGameInput.csproj" />
  <Project Path="Coffee.SoftMaskForUGUI_Demo.csproj" />
</Solution>
